[tools.bat]
version = "0.25.0"
backend = "aqua:sharkdp/bat"

[tools.cargo-binstall]
version = "0.2.0"
backend = "aqua:cargo-bins/cargo-binstall"

[tools."cargo:eza"]
version = "0.23.0"
backend = "cargo:eza"

[tools."cargo:treefmt"]
version = "0.6.1"
backend = "cargo:treefmt"

[tools.deno]
version = "2.4.2"
backend = "core:deno"

[tools.jujutsu]
version = "0.31.0"
backend = "aqua:jj-vcs/jj"

[tools.ripgrep]
version = "14.1.1"
backend = "aqua:BurntSushi/ripgrep"

[tools.taplo]
version = "0.10.0"
backend = "aqua:tamasfe/taplo"

[tools.tokei]
version = "12.1.2"
backend = "aqua:XAMPPRocky/tokei"

[tools.uv]
version = "0.7.20"
backend = "aqua:astral-sh/uv"

[tools.watchexec]
version = "2.3.2"
backend = "aqua:watchexec/watchexec"
